
Microsoft Visual Studio Solution File, Format Version 12.00
# Visual Studio Version 17
VisualStudioVersion = 17.5.33424.131
MinimumVisualStudioVersion = 10.0.40219.1
Project("{FAE04EC0-301F-11D3-BF4B-00C04F79EFBC}") = "BWCare", "BWCare\BWCare.csproj", "{B253049E-6D35-48C3-B8F1-D8B60437552B}"
EndProject
Global
	GlobalSection(SolutionConfigurationPlatforms) = preSolution
		Debug|Any CPU = Debug|Any CPU
		Release|Any CPU = Release|Any CPU
	EndGlobalSection
	GlobalSection(ProjectConfigurationPlatforms) = postSolution
		{B253049E-6D35-48C3-B8F1-D8B60437552B}.Debug|Any CPU.ActiveCfg = Debug|Any CPU
		{B253049E-6D35-48C3-B8F1-D8B60437552B}.Debug|Any CPU.Build.0 = Debug|Any CPU
		{B253049E-6D35-48C3-B8F1-D8B60437552B}.Release|Any CPU.ActiveCfg = Release|Any CPU
		{B253049E-6D35-48C3-B8F1-D8B60437552B}.Release|Any CPU.Build.0 = Release|Any CPU
	EndGlobalSection
	GlobalSection(SolutionProperties) = preSolution
		HideSolutionNode = FALSE
	EndGlobalSection
	GlobalSection(ExtensibilityGlobals) = postSolution
		SolutionGuid = {3B016657-26C4-4D4E-BA38-DDF3C3910E0A}
	EndGlobalSection
EndGlobal
